hash: dd139c38448dbefa3ed3df87f6d79456df6ee2e39bcd0f36be079dd5a417af5e
updated: 2017-04-22T23:04:59.784939328+02:00
imports:
- name: github.com/codegangsta/cli
  version: 8ba6f23b6e36d03666a14bd9421f5e3efcb59aca
- name: github.com/gorilla/context
  version: 08b5f424b9271eedf6f9f0ce86cb9396ed337a42
- name: github.com/gorilla/mux
  version: 599cba5e7b6137d46ddf58fb1765f5d928e69604
- name: github.com/mailgun/oxy
  version: 57f282cff8fbb7ed955c6da1b6261f6b9d490784
  subpackages:
  - forward
- name: github.com/Sirupsen/logrus
  version: 10f801ebc38b33738c9d17d50860f484a0988ff5
- name: github.com/vulcand/oxy
  version: 57f282cff8fbb7ed955c6da1b6261f6b9d490784
  subpackages:
  - utils
- name: golang.org/x/sys
  version: ea9bcade75cb975a0b9738936568ab388b845617
  subpackages:
  - unix
testImports: []
